
Microsoft Visual Studio Solution File, Format Version 12.00
# Visual Studio Version 17
VisualStudioVersion = 17.13.35806.99 d17.13
MinimumVisualStudioVersion = 10.0.40219.1
Project("{FAE04EC0-301F-11D3-BF4B-00C04F79EFBC}") = "MikuFX", "MikuFX\MikuFX.csproj", "{197FFC1F-188E-4AC6-81C6-31BD5DEAC690}"
EndProject
Global
	GlobalSection(SolutionConfigurationPlatforms) = preSolution
		Debug|Any CPU = Debug|Any CPU
		Release|Any CPU = Release|Any CPU
	EndGlobalSection
	GlobalSection(ProjectConfigurationPlatforms) = postSolution
		{197FFC1F-188E-4AC6-81C6-31BD5DEAC690}.Debug|Any CPU.ActiveCfg = Debug|Any CPU
		{197FFC1F-188E-4AC6-81C6-31BD5DEAC690}.Debug|Any CPU.Build.0 = Debug|Any CPU
		{197FFC1F-188E-4AC6-81C6-31BD5DEAC690}.Release|Any CPU.ActiveCfg = Release|Any CPU
		{197FFC1F-188E-4AC6-81C6-31BD5DEAC690}.Release|Any CPU.Build.0 = Release|Any CPU
	EndGlobalSection
	GlobalSection(SolutionProperties) = preSolution
		HideSolutionNode = FALSE
	EndGlobalSection
	GlobalSection(ExtensibilityGlobals) = postSolution
		SolutionGuid = {073531D1-C6CF-4C4D-A9E9-FE1A0F9F5FC8}
	EndGlobalSection
EndGlobal
